
Microsoft Visual Studio Solution File, Format Version 12.00
# Visual Studio Version 17
VisualStudioVersion = 17.11.35303.130
MinimumVisualStudioVersion = 10.0.40219.1
Project("{8BC9CEB8-8B4A-11D0-8D11-00A0C91BC942}") = "VCProjectTemplate", "VCProjectTemplate\VCProjectTemplate.vcxproj", "{2F91C71B-A90E-4C66-B04B-06775E7A4B36}"
EndProject
Project("{8BC9CEB8-8B4A-11D0-8D11-00A0C91BC942}") = "HelloSocket", "HelloSocket\HelloSocket.vcxproj", "{BFEA25E7-CAC9-4178-BE6B-021602F55183}"
EndProject
Project("{8BC9CEB8-8B4A-11D0-8D11-00A0C91BC942}") = "EasyTcpServer", "EasyTcpServer\EasyTcpServer.vcxproj", "{1E5BD503-9A3E-429F-B754-3571096971C9}"
EndProject
Project("{8BC9CEB8-8B4A-11D0-8D11-00A0C91BC942}") = "EasyTcpClient", "EasyTcpClient\EasyTcpClient.vcxproj", "{0794E9E1-5690-4E3E-A5A2-6866E05B93F0}"
EndProject
Project("{8BC9CEB8-8B4A-11D0-8D11-00A0C91BC942}") = "HelloThread", "HelloThread\HelloThread.vcxproj", "{0E152BA3-1D9C-4213-BF15-D88EF68187E6}"
EndProject
Global
	GlobalSection(SolutionConfigurationPlatforms) = preSolution
		Debug|x64 = Debug|x64
		Debug|x86 = Debug|x86
		Release|x64 = Release|x64
		Release|x86 = Release|x86
	EndGlobalSection
	GlobalSection(ProjectConfigurationPlatforms) = postSolution
		{2F91C71B-A90E-4C66-B04B-06775E7A4B36}.Debug|x64.ActiveCfg = Debug|x64
		{2F91C71B-A90E-4C66-B04B-06775E7A4B36}.Debug|x64.Build.0 = Debug|x64
		{2F91C71B-A90E-4C66-B04B-06775E7A4B36}.Debug|x86.ActiveCfg = Debug|Win32
		{2F91C71B-A90E-4C66-B04B-06775E7A4B36}.Debug|x86.Build.0 = Debug|Win32
		{2F91C71B-A90E-4C66-B04B-06775E7A4B36}.Release|x64.ActiveCfg = Release|x64
		{2F91C71B-A90E-4C66-B04B-06775E7A4B36}.Release|x64.Build.0 = Release|x64
		{2F91C71B-A90E-4C66-B04B-06775E7A4B36}.Release|x86.ActiveCfg = Release|Win32
		{2F91C71B-A90E-4C66-B04B-06775E7A4B36}.Release|x86.Build.0 = Release|Win32
		{BFEA25E7-CAC9-4178-BE6B-021602F55183}.Debug|x64.ActiveCfg = Debug|x64
		{BFEA25E7-CAC9-4178-BE6B-021602F55183}.Debug|x64.Build.0 = Debug|x64
		{BFEA25E7-CAC9-4178-BE6B-021602F55183}.Debug|x86.ActiveCfg = Debug|Win32
		{BFEA25E7-CAC9-4178-BE6B-021602F55183}.Debug|x86.Build.0 = Debug|Win32
		{BFEA25E7-CAC9-4178-BE6B-021602F55183}.Release|x64.ActiveCfg = Release|x64
		{BFEA25E7-CAC9-4178-BE6B-021602F55183}.Release|x64.Build.0 = Release|x64
		{BFEA25E7-CAC9-4178-BE6B-021602F55183}.Release|x86.ActiveCfg = Release|Win32
		{BFEA25E7-CAC9-4178-BE6B-021602F55183}.Release|x86.Build.0 = Release|Win32
		{1E5BD503-9A3E-429F-B754-3571096971C9}.Debug|x64.ActiveCfg = Debug|x64
		{1E5BD503-9A3E-429F-B754-3571096971C9}.Debug|x64.Build.0 = Debug|x64
		{1E5BD503-9A3E-429F-B754-3571096971C9}.Debug|x86.ActiveCfg = Debug|Win32
		{1E5BD503-9A3E-429F-B754-3571096971C9}.Debug|x86.Build.0 = Debug|Win32
		{1E5BD503-9A3E-429F-B754-3571096971C9}.Release|x64.ActiveCfg = Release|x64
		{1E5BD503-9A3E-429F-B754-3571096971C9}.Release|x64.Build.0 = Release|x64
		{1E5BD503-9A3E-429F-B754-3571096971C9}.Release|x86.ActiveCfg = Release|Win32
		{1E5BD503-9A3E-429F-B754-3571096971C9}.Release|x86.Build.0 = Release|Win32
		{0794E9E1-5690-4E3E-A5A2-6866E05B93F0}.Debug|x64.ActiveCfg = Debug|x64
		{0794E9E1-5690-4E3E-A5A2-6866E05B93F0}.Debug|x64.Build.0 = Debug|x64
		{0794E9E1-5690-4E3E-A5A2-6866E05B93F0}.Debug|x86.ActiveCfg = Debug|Win32
		{0794E9E1-5690-4E3E-A5A2-6866E05B93F0}.Debug|x86.Build.0 = Debug|Win32
		{0794E9E1-5690-4E3E-A5A2-6866E05B93F0}.Release|x64.ActiveCfg = Release|x64
		{0794E9E1-5690-4E3E-A5A2-6866E05B93F0}.Release|x64.Build.0 = Release|x64
		{0794E9E1-5690-4E3E-A5A2-6866E05B93F0}.Release|x86.ActiveCfg = Release|Win32
		{0794E9E1-5690-4E3E-A5A2-6866E05B93F0}.Release|x86.Build.0 = Release|Win32
		{0E152BA3-1D9C-4213-BF15-D88EF68187E6}.Debug|x64.ActiveCfg = Debug|x64
		{0E152BA3-1D9C-4213-BF15-D88EF68187E6}.Debug|x64.Build.0 = Debug|x64
		{0E152BA3-1D9C-4213-BF15-D88EF68187E6}.Debug|x86.ActiveCfg = Debug|Win32
		{0E152BA3-1D9C-4213-BF15-D88EF68187E6}.Debug|x86.Build.0 = Debug|Win32
		{0E152BA3-1D9C-4213-BF15-D88EF68187E6}.Release|x64.ActiveCfg = Release|x64
		{0E152BA3-1D9C-4213-BF15-D88EF68187E6}.Release|x64.Build.0 = Release|x64
		{0E152BA3-1D9C-4213-BF15-D88EF68187E6}.Release|x86.ActiveCfg = Release|Win32
		{0E152BA3-1D9C-4213-BF15-D88EF68187E6}.Release|x86.Build.0 = Release|Win32
	EndGlobalSection
	GlobalSection(SolutionProperties) = preSolution
		HideSolutionNode = FALSE
	EndGlobalSection
	GlobalSection(ExtensibilityGlobals) = postSolution
		SolutionGuid = {D91D0007-E09D-4116-B11B-A2FB05747C10}
	EndGlobalSection
EndGlobal
